lockfileVersion: 5.4

specifiers:
  '@playwright/test': ^1.26.0
  playwright: ^1.26.0

devDependencies:
  '@playwright/test': 1.26.0
  playwright: 1.26.0

packages:

  /@playwright/test/1.26.0:
    resolution: {integrity: sha512-D24pu1k/gQw3Lhbpc38G5bXlBjGDrH5A52MsrH12wz6ohGDeQ+aZg/JFSEsT/B3G8zlJe/EU4EkJK74hpqsjEg==}
    engines: {node: '>=14'}
    hasBin: true
    dependencies:
      '@types/node': 18.7.18
      playwright-core: 1.26.0
    dev: true

  /@types/node/18.7.18:
    resolution: {integrity: sha512-m+6nTEOadJZuTPkKR/SYK3A2d7FZrgElol9UP1Kae90VVU4a6mxnPuLiIW1m4Cq4gZ/nWb9GrdVXJCoCazDAbg==}
    dev: true

  /playwright-core/1.26.0:
    resolution: {integrity: sha512-p8huU8eU4gD3VkJd3DA1nA7R3XA6rFvFL+1RYS96cSljCF2yJE9CWEHTPF4LqX8KN9MoWCrAfVKP5381X3CZqg==}
    engines: {node: '>=14'}
    hasBin: true
    dev: true

  /playwright/1.26.0:
    resolution: {integrity: sha512-XxTVlvFEYHdatxUkh1KiPq9BclNtFKMi3BgQnl/aactmhN4G9AkZUXwt0ck6NDAOrDFlfibhbM7A1kZwQJKSBw==}
    engines: {node: '>=14'}
    hasBin: true
    requiresBuild: true
    dependencies:
      playwright-core: 1.26.0
    dev: true
