lockfileVersion: 5.4

specifiers:
  '@playwright/test': ^1.27.0
  playwright: ^1.27.0

devDependencies:
  '@playwright/test': 1.27.0
  playwright: 1.27.0

packages:

  /@playwright/test/1.27.0:
    resolution: {integrity: sha512-L4BswoJvGkFsEHhEgzVNHBnkFB1FbnBQn3QmvTl7+AouoJQ4a8tLwZKvytdovCsNi7B5cXuRo58yGvfM5PnExw==}
    engines: {node: '>=14'}
    hasBin: true
    dependencies:
      '@types/node': 18.7.18
      playwright-core: 1.27.0
    dev: true

  /@types/node/18.7.18:
    resolution: {integrity: sha512-m+6nTEOadJZuTPkKR/SYK3A2d7FZrgElol9UP1Kae90VVU4a6mxnPuLiIW1m4Cq4gZ/nWb9GrdVXJCoCazDAbg==}
    dev: true

  /playwright-core/1.27.0:
    resolution: {integrity: sha512-VBKaaFUVKDo3akW+o4DwbK1ZyXh46tcSwQKPK3lruh8IJd5feu55XVZx4vOkbb2uqrNdIF51sgsadYT533SdpA==}
    engines: {node: '>=14'}
    hasBin: true
    dev: true

  /playwright/1.27.0:
    resolution: {integrity: sha512-F+0+0RD03LS+KdNAMMp63OBzu+NwYYLd52pKLczuSlTsV5b/SLkUoNhSfzDFngEFOuRL2gk0LlfGW3mKiUBk6w==}
    engines: {node: '>=14'}
    hasBin: true
    requiresBuild: true
    dependencies:
      playwright-core: 1.27.0
    dev: true
