# THIS IS AN AUTOGENERATED FILE. DO NOT EDIT THIS FILE DIRECTLY.
# yarn lockfile v1


"@playwright/test@^1.19.2":
  version "1.25.1"
  resolved "https://registry.yarnpkg.com/@playwright/test/-/test-1.25.1.tgz#9847234b6f2b0cca71962b338da7db366a1e9720"
  integrity sha512-IJ4X0yOakXtwkhbnNzKkaIgXe6df7u3H3FnuhI9Jqh+CdO0e/lYQlDLYiyI9cnXK8E7UAppAWP+VqAv6VX7HQg==
  dependencies:
    "@types/node" "*"
    playwright-core "1.25.1"

"@types/node@*":
  version "18.7.13"
  resolved "https://registry.yarnpkg.com/@types/node/-/node-18.7.13.tgz#23e6c5168333480d454243378b69e861ab5c011a"
  integrity sha512-46yIhxSe5xEaJZXWdIBP7GU4HDTG8/eo0qd9atdiL+lFpA03y8KS+lkTN834TWJj5767GbWv4n/P6efyTFt1Dw==

playwright-core@1.25.1:
  version "1.25.1"
  resolved "https://registry.yarnpkg.com/playwright-core/-/playwright-core-1.25.1.tgz#abe56aec8bef645fba988320d9f9328fafab0446"
  integrity sha512-lSvPCmA2n7LawD2Hw7gSCLScZ+vYRkhU8xH0AapMyzwN+ojoDqhkH/KIEUxwNu2PjPoE/fcE0wLAksdOhJ2O5g==
