# Lockfile v4
# This file is automatically generated by Wapm.
# It is not intended for manual editing. The schema of this file may change.
[modules.atomic."0.7.1".atomic]
name = "atomic"
package_version = "0.7.1"
package_name = "atomic"
package_path = "atomic@0.7.1"
resolved = "local"
resolved_source = "local"
abi = "wasi"
source = "../target/wasm32-wasi/release/atomic-cli.wasm"
[commands.atomic]
name = "atomic"
package_name = "atomic"
package_version = "0.7.1"
module = "atomic-cli.wasm"
is_top_level_dependency = true
